lockfileVersion: '6.0'

settings:
  autoInstallPeers: true
  excludeLinksFromLockfile: false

dependencies:
  zenn-cli:
    specifier: ^0.1.152
    version: 0.1.154

packages:

  /zenn-cli@0.1.154:
    resolution: {integrity: sha512-s9SZst7TWiA2VS+40CWUS7pu5cl2OAIhNPyiAtqIwjDFzqB47vVsN78G8VK7VZ7ov6B4gqQrQHcgMHVqvoLN8g==}
    engines: {node: '>=14.0.0'}
    hasBin: true
    dev: false
